// !$*UTF8*$!
{
	archiveVersion = 1;
	classes = {
	};
	objectVersion = 46;
	objects = {

/* Begin PBXBuildFile section */
		8255FEEB1F08B4D500918D23 /* AppDelegate.swift in Sources */ = {isa = PBXBuildFile; fileRef = 8255FEEA1F08B4D500918D23 /* AppDelegate.swift */; };
		8255FEED1F08B4D500918D23 /* ViewController.swift in Sources */ = {isa = PBXBuildFile; fileRef = 8255FEEC1F08B4D500918D23 /* ViewController.swift */; };
		8255FEF01F08B4D500918D23 /* Main.storyboard in Resources */ = {isa = PBXBuildFile; fileRef = 8255FEEE1F08B4D500918D23 /* Main.storyboard */; };
		8255FEF21F08B4D500918D23 /* Assets.xcassets in Resources */ = {isa = PBXBuildFile; fileRef = 8255FEF11F08B4D500918D23 /* Assets.xcassets */; };
		8255FEF51F08B4D500918D23 /* LaunchScreen.storyboard in Resources */ = {isa = PBXBuildFile; fileRef = 8255FEF31F08B4D500918D23 /* LaunchScreen.storyboard */; };
/* End PBXBuildFile section */

/* Begin PBXFileReference section */
		8255FEE71F08B4D500918D23 /* SwiftCustomView.app */ = {isa = PBXFileReference; explicitFileType = wrapper.application; includeInIndex = 0; path = SwiftCustomView.app; sourceTree = BUILT_PRODUCTS_DIR; };
		8255FEEA1F08B4D500918D23 /* AppDelegate.swift */ = {isa = PBXFileReference; lastKnownFileType = sourcecode.swift; path = AppDelegate.swift; sourceTree = "<group>"; };
		8255FEEC1F08B4D500918D23 /* ViewController.swift */ = {isa = PBXFileReference; lastKnownFileType = sourcecode.swift; path = ViewController.swift; sourceTree = "<group>"; };
		8255FEEF1F08B4D500918D23 /* Base */ = {isa = PBXFileReference; lastKnownFileType = file.storyboard; name = Base; path = Base.lproj/Main.storyboard; sourceTree = "<group>"; };
		8255FEF11F08B4D500918D23 /* Assets.xcassets */ = {isa = PBXFileReference; lastKnownFileType = folder.assetcatalog; path = Assets.xcassets; sourceTree = "<group>"; };
		8255FEF41F08B4D500918D23 /* Base */ = {isa = PBXFileReference; lastKnownFileType = file.storyboard; name = Base; path = Base.lproj/LaunchScreen.storyboard; sourceTree = "<group>"; };
		8255FEF61F08B4D500918D23 /* Info.plist */ = {isa = PBXFileReference; lastKnownFileType = text.plist.xml; path = Info.plist; sourceTree = "<group>"; };
/* End PBXFileReference section */

/* Begin PBXFrameworksBuildPhase section */
		8255FEE41F08B4D500918D23 /* Frameworks */ = {
			isa = PBXFrameworksBuildPhase;
			buildActionMask = 2147483647;
			files = (
			);
			runOnlyForDeploymentPostprocessing = 0;
		};
/* End PBXFrameworksBuildPhase section */

/* Begin PBXGroup section */
		8255FEDE1F08B4D500918D23 = {
			isa = PBXGroup;
			children = (
				8255FEE91F08B4D500918D23 /* SwiftCustomView */,
				8255FEE81F08B4D500918D23 /* Products */,
			);
			sourceTree = "<group>";
		};
		8255FEE81F08B4D500918D23 /* Products */ = {
			isa = PBXGroup;
			children = (
				8255FEE71F08B4D500918D23 /* SwiftCustomView.app */,
			);
			name = Products;
			sourceTree = "<group>";
		};
		8255FEE91F08B4D500918D23 /* SwiftCustomView */ = {
			isa = PBXGroup;
			children = (
				8255FEEA1F08B4D500918D23 /* AppDelegate.swift */,
				8255FEEC1F08B4D500918D23 /* ViewController.swift */,
				8255FEEE1F08B4D500918D23 /* Main.storyboard */,
				8255FEF11F08B4D500918D23 /* Assets.xcassets */,
				8255FEF31F08B4D500918D23 /* LaunchScreen.storyboard */,
				8255FEF61F08B4D500918D23 /* Info.plist */,
			);
			path = SwiftCustomView;
			sourceTree = "<group>";
		};
/* End PBXGroup section */

/* Begin PBXNativeTarget section */
		8255FEE61F08B4D500918D23 /* SwiftCustomView */ = {
			isa = PBXNativeTarget;
			buildConfigurationList = 8255FEF91F08B4D500918D23 /* Build configuration list for PBXNativeTarget "SwiftCustomView" */;
			buildPhases = (
				8255FEE31F08B4D500918D23 /* Sources */,
				8255FEE41F08B4D500918D23 /* Frameworks */,
				8255FEE51F08B4D500918D23 /* Resources */,
			);
			buildRules = (
			);
			dependencies = (
			);
			name = SwiftCustomView;
			productName = SwiftCustomView;
			productReference = 8255FEE71F08B4D500918D23 /* SwiftCustomView.app */;
			productType = "com.apple.product-type.application";
		};
/* End PBXNativeTarget section */

/* Begin PBXProject section */
		8255FEDF1F08B4D500918D23 /* Project object */ = {
			isa = PBXProject;
			attributes = {
				LastSwiftUpdateCheck = 0830;
				LastUpgradeCheck = 0830;
				ORGANIZATIONNAME = MAS;
				TargetAttributes = {
					8255FEE61F08B4D500918D23 = {
						CreatedOnToolsVersion = 8.3.1;
						ProvisioningStyle = Automatic;
					};
				};
			};
			buildConfigurationList = 8255FEE21F08B4D500918D23 /* Build configuration list for PBXProject "SwiftCustomView" */;
			compatibilityVersion = "Xcode 3.2";
			developmentRegion = English;
			hasScannedForEncodings = 0;
			knownRegions = (
				en,
				Base,
			);
			mainGroup = 8255FEDE1F08B4D500918D23;
			productRefGroup = 8255FEE81F08B4D500918D23 /* Products */;
			projectDirPath = "";
			projectRoot = "";
			targets = (
				8255FEE61F08B4D500918D23 /* SwiftCustomView */,
			);
		};
/* End PBXProject section */

/* Begin PBXResourcesBuildPhase section */
		8255FEE51F08B4D500918D23 /* Resources */ = {
			isa = PBXResourcesBuildPhase;
			buildActionMask = 2147483647;
			files = (
				8255FEF51F08B4D500918D23 /* LaunchScreen.storyboard in Resources */,
				8255FEF21F08B4D500918D23 /* Assets.xcassets in Resources */,
				8255FEF01F08B4D500918D23 /* Main.storyboard in Resources */,
			);
			runOnlyForDeploymentPostprocessing = 0;
		};
/* End PBXResourcesBuildPhase section */

/* Begin PBXSourcesBuildPhase section */
		8255FEE31F08B4D500918D23 /* Sources */ = {
			isa = PBXSourcesBuildPhase;
			buildActionMask = 2147483647;
			files = (
				8255FEED1F08B4D500918D23 /* ViewController.swift in Sources */,
				8255FEEB1F08B4D500918D23 /* AppDelegate.swift in Sources */,
			);
			runOnlyForDeploymentPostprocessing = 0;
		};
/* End PBXSourcesBuildPhase section */

/* Begin PBXVariantGroup section */
		8255FEEE1F08B4D500918D23 /* Main.storyboard */ = {
			isa = PBXVariantGroup;
			children = (
				8255FEEF1F08B4D500918D23 /* Base */,
			);
			name = Main.storyboard;
			sourceTree = "<group>";
		};
		8255FEF31F08B4D500918D23 /* LaunchScreen.storyboard */ = {
			isa = PBXVariantGroup;
			children = (
				8255FEF41F08B4D500918D23 /* Base */,
			);
			name = LaunchScreen.storyboard;
			sourceTree = "<group>";
		};
/* End PBXVariantGroup section */

/* Begin XCBuildConfiguration section */
		8255FEF71F08B4D500918D23 /* Debug */ = {
			isa = XCBuildConfiguration;
			buildSettings = {
				ALWAYS_SEARCH_USER_PATHS = NO;
				CLANG_ANALYZER_NONNULL = YES;
				CLANG_ANALYZER_NUMBER_OBJECT_CONVERSION = YES_AGGRESSIVE;
				CLANG_CXX_LANGUAGE_STANDARD = "gnu++0x";
				CLANG_CXX_LIBRARY = "libc++";
				CLANG_ENABLE_MODULES = YES;
				CLANG_ENABLE_OBJC_ARC = YES;
				CLANG_WARN_BOOL_CONVERSION = YES;
				CLANG_WARN_CONSTANT_CONVERSION = YES;
				CLANG_WARN_DIRECT_OBJC_ISA_USAGE = YES_ERROR;
				CLANG_WARN_DOCUMENTATION_COMMENTS = YES;
				CLANG_WARN_EMPTY_BODY = YES;
				CLANG_WARN_ENUM_CONVERSION = YES;
				CLANG_WARN_INFINITE_RECURSION = YES;
				CLANG_WARN_INT_CONVERSION = YES;
				CLANG_WARN_OBJC_ROOT_CLASS = YES_ERROR;
				CLANG_WARN_SUSPICIOUS_MOVE = YES;
				CLANG_WARN_UNREACHABLE_CODE = YES;
				CLANG_WARN__DUPLICATE_METHOD_MATCH = YES;
				"CODE_SIGN_IDENTITY[sdk=iphoneos*]" = "iPhone Developer";
				COPY_PHASE_STRIP = NO;
				DEBUG_INFORMATION_FORMAT = dwarf;
				ENABLE_STRICT_OBJC_MSGSEND = YES;
				ENABLE_TESTABILITY = YES;
				GCC_C_LANGUAGE_STANDARD = gnu99;
				GCC_DYNAMIC_NO_PIC = NO;
				GCC_NO_COMMON_BLOCKS = YES;
				GCC_OPTIMIZATION_LEVEL = 0;
				GCC_PREPROCESSOR_DEFINITIONS = (
					"DEBUG=1",
					"$(inherited)",
				);
				GCC_WARN_64_TO_32_BIT_CONVERSION = YES;
				GCC_WARN_ABOUT_RETURN_TYPE = YES_ERROR;
				GCC_WARN_UNDECLARED_SELECTOR = YES;
				GCC_WARN_UNINITIALIZED_AUTOS = YES_AGGRESSIVE;
				GCC_WARN_UNUSED_FUNCTION = YES;
				GCC_WARN_UNUSED_VARIABLE = YES;
				IPHONEOS_DEPLOYMENT_TARGET = 10.3;
				MTL_ENABLE_DEBUG_INFO = YES;
				ONLY_ACTIVE_ARCH = YES;
				SDKROOT = iphoneos;
				SWIFT_ACTIVE_COMPILATION_CONDITIONS = DEBUG;
				SWIFT_OPTIMIZATION_LEVEL = "-Onone";
			};
			name = Debug;
		};
		8255FEF81F08B4D500918D23 /* Release */ = {
			isa = XCBuildConfiguration;
			buildSettings = {
				ALWAYS_SEARCH_USER_PATHS = NO;
				CLANG_ANALYZER_NONNULL = YES;
				CLANG_ANALYZER_NUMBER_OBJECT_CONVERSION = YES_AGGRESSIVE;
				CLANG_CXX_LANGUAGE_STANDARD = "gnu++0x";
				CLANG_CXX_LIBRARY = "libc++";
				CLANG_ENABLE_MODULES = YES;
				CLANG_ENABLE_OBJC_ARC = YES;
				CLANG_WARN_BOOL_CONVERSION = YES;
				CLANG_WARN_CONSTANT_CONVERSION = YES;
				CLANG_WARN_DIRECT_OBJC_ISA_USAGE = YES_ERROR;
				CLANG_WARN_DOCUMENTATION_COMMENTS = YES;
				CLANG_WARN_EMPTY_BODY = YES;
				CLANG_WARN_ENUM_CONVERSION = YES;
				CLANG_WARN_INFINITE_RECURSION = YES;
				CLANG_WARN_INT_CONVERSION = YES;
				CLANG_WARN_OBJC_ROOT_CLASS = YES_ERROR;
				CLANG_WARN_SUSPICIOUS_MOVE = YES;
				CLANG_WARN_UNREACHABLE_CODE = YES;
				CLANG_WARN__DUPLICATE_METHOD_MATCH = YES;
				"CODE_SIGN_IDENTITY[sdk=iphoneos*]" = "iPhone Developer";
				COPY_PHASE_STRIP = NO;
				DEBUG_INFORMATION_FORMAT = "dwarf-with-dsym";
				ENABLE_NS_ASSERTIONS = NO;
				ENABLE_STRICT_OBJC_MSGSEND = YES;
				GCC_C_LANGUAGE_STANDARD = gnu99;
				GCC_NO_COMMON_BLOCKS = YES;
				GCC_WARN_64_TO_32_BIT_CONVERSION = YES;
				GCC_WARN_ABOUT_RETURN_TYPE = YES_ERROR;
				GCC_WARN_UNDECLARED_SELECTOR = YES;
				GCC_WARN_UNINITIALIZED_AUTOS = YES_AGGRESSIVE;
				GCC_WARN_UNUSED_FUNCTION = YES;
				GCC_WARN_UNUSED_VARIABLE = YES;
				IPHONEOS_DEPLOYMENT_TARGET = 10.3;
				MTL_ENABLE_DEBUG_INFO = NO;
				SDKROOT = iphoneos;
				SWIFT_OPTIMIZATION_LEVEL = "-Owholemodule";
				VALIDATE_PRODUCT = YES;
			};
			name = Release;
		};
		8255FEFA1F08B4D500918D23 /* Debug */ = {
			isa = XCBuildConfiguration;
			buildSettings = {
				ASSETCATALOG_COMPILER_APPICON_NAME = AppIcon;
				INFOPLIST_FILE = SwiftCustomView/Info.plist;
				LD_RUNPATH_SEARCH_PATHS = "$(inherited) @executable_path/Frameworks";
				PRODUCT_BUNDLE_IDENTIFIER = MAS.SwiftCustomView;
				PRODUCT_NAME = "$(TARGET_NAME)";
				SWIFT_VERSION = 3.0;
			};
			name = Debug;
		};
		8255FEFB1F08B4D500918D23 /* Release */ = {
			isa = XCBuildConfiguration;
			buildSettings = {
				ASSETCATALOG_COMPILER_APPICON_NAME = AppIcon;
				INFOPLIST_FILE = SwiftCustomView/Info.plist;
				LD_RUNPATH_SEARCH_PATHS = "$(inherited) @executable_path/Frameworks";
				PRODUCT_BUNDLE_IDENTIFIER = MAS.SwiftCustomView;
				PRODUCT_NAME = "$(TARGET_NAME)";
				SWIFT_VERSION = 3.0;
			};
			name = Release;
		};
/* End XCBuildConfiguration section */

/* Begin XCConfigurationList section */
		8255FEE21F08B4D500918D23 /* Build configuration list for PBXProject "SwiftCustomView" */ = {
			isa = XCConfigurationList;
			buildConfigurations = (
				8255FEF71F08B4D500918D23 /* Debug */,
				8255FEF81F08B4D500918D23 /* Release */,
			);
			defaultConfigurationIsVisible = 0;
			defaultConfigurationName = Release;
		};
		8255FEF91F08B4D500918D23 /* Build configuration list for PBXNativeTarget "SwiftCustomView" */ = {
			isa = XCConfigurationList;
			buildConfigurations = (
				8255FEFA1F08B4D500918D23 /* Debug */,
				8255FEFB1F08B4D500918D23 /* Release */,
			);
			defaultConfigurationIsVisible = 0;
		};
/* End XCConfigurationList section */
	};
	rootObject = 8255FEDF1F08B4D500918D23 /* Project object */;
}
